
Microsoft Visual Studio Solution File, Format Version 12.00
# Visual Studio Version 17
VisualStudioVersion = 17.4.33213.308
MinimumVisualStudioVersion = 10.0.40219.1
Project("{FAE04EC0-301F-11D3-BF4B-00C04F79EFBC}") = "Quest про червя", "Quest про червя\Quest про червя.csproj", "{29B43D37-B721-4278-8633-6AFE138E3B61}"
EndProject
Global
	GlobalSection(SolutionConfigurationPlatforms) = preSolution
		Debug|Any CPU = Debug|Any CPU
		Release|Any CPU = Release|Any CPU
	EndGlobalSection
	GlobalSection(ProjectConfigurationPlatforms) = postSolution
		{29B43D37-B721-4278-8633-6AFE138E3B61}.Debug|Any CPU.ActiveCfg = Debug|Any CPU
		{29B43D37-B721-4278-8633-6AFE138E3B61}.Debug|Any CPU.Build.0 = Debug|Any CPU
		{29B43D37-B721-4278-8633-6AFE138E3B61}.Release|Any CPU.ActiveCfg = Release|Any CPU
		{29B43D37-B721-4278-8633-6AFE138E3B61}.Release|Any CPU.Build.0 = Release|Any CPU
	EndGlobalSection
	GlobalSection(SolutionProperties) = preSolution
		HideSolutionNode = FALSE
	EndGlobalSection
	GlobalSection(ExtensibilityGlobals) = postSolution
		SolutionGuid = {23774A4F-724E-428F-B55C-44C41AC53453}
	EndGlobalSection
EndGlobal
