
Microsoft Visual Studio Solution File, Format Version 12.00
# Visual Studio Version 17
VisualStudioVersion = 17.4.33403.182
MinimumVisualStudioVersion = 10.0.40219.1
Project("{FAE04EC0-301F-11D3-BF4B-00C04F79EFBC}") = "text_quest", "text_quest\text_quest.csproj", "{DE913703-682B-4CD9-BE5E-F4456D9F6A26}"
EndProject
Global
	GlobalSection(SolutionConfigurationPlatforms) = preSolution
		Debug|Any CPU = Debug|Any CPU
		Release|Any CPU = Release|Any CPU
	EndGlobalSection
	GlobalSection(ProjectConfigurationPlatforms) = postSolution
		{DE913703-682B-4CD9-BE5E-F4456D9F6A26}.Debug|Any CPU.ActiveCfg = Debug|Any CPU
		{DE913703-682B-4CD9-BE5E-F4456D9F6A26}.Debug|Any CPU.Build.0 = Debug|Any CPU
		{DE913703-682B-4CD9-BE5E-F4456D9F6A26}.Release|Any CPU.ActiveCfg = Release|Any CPU
		{DE913703-682B-4CD9-BE5E-F4456D9F6A26}.Release|Any CPU.Build.0 = Release|Any CPU
	EndGlobalSection
	GlobalSection(SolutionProperties) = preSolution
		HideSolutionNode = FALSE
	EndGlobalSection
	GlobalSection(ExtensibilityGlobals) = postSolution
		SolutionGuid = {E54DAD82-38DB-4EC7-9E52-1A3D78891688}
	EndGlobalSection
EndGlobal
