
Microsoft Visual Studio Solution File, Format Version 12.00
# Visual Studio Version 17
VisualStudioVersion = 17.4.33213.308
MinimumVisualStudioVersion = 10.0.40219.1
Project("{FAE04EC0-301F-11D3-BF4B-00C04F79EFBC}") = "dom2", "dom2\dom2.csproj", "{36355D90-4D5E-4398-BBBC-AC11D5077052}"
EndProject
Global
	GlobalSection(SolutionConfigurationPlatforms) = preSolution
		Debug|Any CPU = Debug|Any CPU
		Release|Any CPU = Release|Any CPU
	EndGlobalSection
	GlobalSection(ProjectConfigurationPlatforms) = postSolution
		{36355D90-4D5E-4398-BBBC-AC11D5077052}.Debug|Any CPU.ActiveCfg = Debug|Any CPU
		{36355D90-4D5E-4398-BBBC-AC11D5077052}.Debug|Any CPU.Build.0 = Debug|Any CPU
		{36355D90-4D5E-4398-BBBC-AC11D5077052}.Release|Any CPU.ActiveCfg = Release|Any CPU
		{36355D90-4D5E-4398-BBBC-AC11D5077052}.Release|Any CPU.Build.0 = Release|Any CPU
	EndGlobalSection
	GlobalSection(SolutionProperties) = preSolution
		HideSolutionNode = FALSE
	EndGlobalSection
	GlobalSection(ExtensibilityGlobals) = postSolution
		SolutionGuid = {C0E69706-F49F-4803-A4E1-08A2217C0870}
	EndGlobalSection
EndGlobal
